// !$*UTF8*$!
{
	archiveVersion = 1;
	classes = {
	};
	objectVersion = 46;
	objects = {

/* Begin PBXBuildFile section */
		4B37184C1D41A40C00E7ADD1 /* main.m in Sources */ = {isa = PBXBuildFile; fileRef = 4B37184B1D41A40C00E7ADD1 /* main.m */; };
		4B37184F1D41A40C00E7ADD1 /* AppDelegate.m in Sources */ = {isa = PBXBuildFile; fileRef = 4B37184E1D41A40C00E7ADD1 /* AppDelegate.m */; };
		4B3718521D41A40C00E7ADD1 /* Start.m in Sources */ = {isa = PBXBuildFile; fileRef = 4B3718511D41A40C00E7ADD1 /* Start.m */; };
		4B3718551D41A40C00E7ADD1 /* Main.storyboard in Resources */ = {isa = PBXBuildFile; fileRef = 4B3718531D41A40C00E7ADD1 /* Main.storyboard */; };
		4B3718581D41A40C00E7ADD1 /* Intro_Table.xcdatamodeld in Sources */ = {isa = PBXBuildFile; fileRef = 4B3718561D41A40C00E7ADD1 /* Intro_Table.xcdatamodeld */; };
		4B37185A1D41A40C00E7ADD1 /* Assets.xcassets in Resources */ = {isa = PBXBuildFile; fileRef = 4B3718591D41A40C00E7ADD1 /* Assets.xcassets */; };
		4B37185D1D41A40C00E7ADD1 /* LaunchScreen.storyboard in Resources */ = {isa = PBXBuildFile; fileRef = 4B37185B1D41A40C00E7ADD1 /* LaunchScreen.storyboard */; };
		4BE7EDD51D423E7F008E08AE /* Intro.m in Sources */ = {isa = PBXBuildFile; fileRef = 4BE7EDD41D423E7E008E08AE /* Intro.m */; };
		4BE7EDD81D423FB1008E08AE /* Declarations.m in Sources */ = {isa = PBXBuildFile; fileRef = 4BE7EDD71D423FB1008E08AE /* Declarations.m */; };
		4BE7EDE21D42DCAC008E08AE /* Home.m in Sources */ = {isa = PBXBuildFile; fileRef = 4BE7EDE11D42DCAC008E08AE /* Home.m */; };
		4BE7EDE71D42E510008E08AE /* cellAvengers.m in Sources */ = {isa = PBXBuildFile; fileRef = 4BE7EDE51D42E510008E08AE /* cellAvengers.m */; };
		4BE7EDE81D42E510008E08AE /* cellAvengers.xib in Resources */ = {isa = PBXBuildFile; fileRef = 4BE7EDE61D42E510008E08AE /* cellAvengers.xib */; };
		4BE7EE051D4322BF008E08AE /* arroz.jpg in Resources */ = {isa = PBXBuildFile; fileRef = 4BE7EDF51D4322BF008E08AE /* arroz.jpg */; };
		4BE7EE061D4322BF008E08AE /* Baguette.jpg in Resources */ = {isa = PBXBuildFile; fileRef = 4BE7EDF61D4322BF008E08AE /* Baguette.jpg */; };
		4BE7EE071D4322BF008E08AE /* cereal.jpg in Resources */ = {isa = PBXBuildFile; fileRef = 4BE7EDF71D4322BF008E08AE /* cereal.jpg */; };
		4BE7EE081D4322BF008E08AE /* enchiladas.jpg in Resources */ = {isa = PBXBuildFile; fileRef = 4BE7EDF81D4322BF008E08AE /* enchiladas.jpg */; };
		4BE7EE091D4322BF008E08AE /* fruta.jpg in Resources */ = {isa = PBXBuildFile; fileRef = 4BE7EDF91D4322BF008E08AE /* fruta.jpg */; };
		4BE7EE0A1D4322BF008E08AE /* huarache.jpg in Resources */ = {isa = PBXBuildFile; fileRef = 4BE7EDFA1D4322BF008E08AE /* huarache.jpg */; };
		4BE7EE0B1D4322BF008E08AE /* hamburguesa.jpg in Resources */ = {isa = PBXBuildFile; fileRef = 4BE7EDFB1D4322BF008E08AE /* hamburguesa.jpg */; };
		4BE7EE0C1D4322BF008E08AE /* huevo.jpg in Resources */ = {isa = PBXBuildFile; fileRef = 4BE7EDFC1D4322BF008E08AE /* huevo.jpg */; };
		4BE7EE0D1D4322BF008E08AE /* langosta.jpg in Resources */ = {isa = PBXBuildFile; fileRef = 4BE7EDFD1D4322BF008E08AE /* langosta.jpg */; };
		4BE7EE0E1D4322BF008E08AE /* licuado.jpg in Resources */ = {isa = PBXBuildFile; fileRef = 4BE7EDFE1D4322BF008E08AE /* licuado.jpg */; };
		4BE7EE0F1D4322BF008E08AE /* pizza.jpg in Resources */ = {isa = PBXBuildFile; fileRef = 4BE7EDFF1D4322BF008E08AE /* pizza.jpg */; };
		4BE7EE101D4322BF008E08AE /* pollo.jpg in Resources */ = {isa = PBXBuildFile; fileRef = 4BE7EE001D4322BF008E08AE /* pollo.jpg */; };
		4BE7EE111D4322BF008E08AE /* pozole.jpg in Resources */ = {isa = PBXBuildFile; fileRef = 4BE7EE011D4322BF008E08AE /* pozole.jpg */; };
		4BE7EE121D4322BF008E08AE /* salmon.jpg in Resources */ = {isa = PBXBuildFile; fileRef = 4BE7EE021D4322BF008E08AE /* salmon.jpg */; };
		4BE7EE131D4322BF008E08AE /* sirloin.jpg in Resources */ = {isa = PBXBuildFile; fileRef = 4BE7EE031D4322BF008E08AE /* sirloin.jpg */; };
		4BE7EE141D4322BF008E08AE /* spaguetti.jpg in Resources */ = {isa = PBXBuildFile; fileRef = 4BE7EE041D4322BF008E08AE /* spaguetti.jpg */; };
		4BE7EE161D4323A9008E08AE /* malpasar.jpg in Resources */ = {isa = PBXBuildFile; fileRef = 4BE7EE151D4323A9008E08AE /* malpasar.jpg */; };
		4BE7EE191D4323B3008E08AE /* chef.jpg in Resources */ = {isa = PBXBuildFile; fileRef = 4BE7EE171D4323B3008E08AE /* chef.jpg */; };
		4BE7EE1A1D4323B3008E08AE /* comer.jpg in Resources */ = {isa = PBXBuildFile; fileRef = 4BE7EE181D4323B3008E08AE /* comer.jpg */; };
/* End PBXBuildFile section */

/* Begin PBXFileReference section */
		4B3718471D41A40C00E7ADD1 /* Intro Table.app */ = {isa = PBXFileReference; explicitFileType = wrapper.application; includeInIndex = 0; path = "Intro Table.app"; sourceTree = BUILT_PRODUCTS_DIR; };
		4B37184B1D41A40C00E7ADD1 /* main.m */ = {isa = PBXFileReference; lastKnownFileType = sourcecode.c.objc; path = main.m; sourceTree = "<group>"; };
		4B37184D1D41A40C00E7ADD1 /* AppDelegate.h */ = {isa = PBXFileReference; lastKnownFileType = sourcecode.c.h; path = AppDelegate.h; sourceTree = "<group>"; };
		4B37184E1D41A40C00E7ADD1 /* AppDelegate.m */ = {isa = PBXFileReference; lastKnownFileType = sourcecode.c.objc; path = AppDelegate.m; sourceTree = "<group>"; };
		4B3718501D41A40C00E7ADD1 /* Start.h */ = {isa = PBXFileReference; lastKnownFileType = sourcecode.c.h; path = Start.h; sourceTree = "<group>"; };
		4B3718511D41A40C00E7ADD1 /* Start.m */ = {isa = PBXFileReference; lastKnownFileType = sourcecode.c.objc; path = Start.m; sourceTree = "<group>"; };
		4B3718541D41A40C00E7ADD1 /* Base */ = {isa = PBXFileReference; lastKnownFileType = file.storyboard; name = Base; path = Base.lproj/Main.storyboard; sourceTree = "<group>"; };
		4B3718571D41A40C00E7ADD1 /* Intro_Table.xcdatamodel */ = {isa = PBXFileReference; lastKnownFileType = wrapper.xcdatamodel; path = Intro_Table.xcdatamodel; sourceTree = "<group>"; };
		4B3718591D41A40C00E7ADD1 /* Assets.xcassets */ = {isa = PBXFileReference; lastKnownFileType = folder.assetcatalog; path = Assets.xcassets; sourceTree = "<group>"; };
		4B37185C1D41A40C00E7ADD1 /* Base */ = {isa = PBXFileReference; lastKnownFileType = file.storyboard; name = Base; path = Base.lproj/LaunchScreen.storyboard; sourceTree = "<group>"; };
		4B37185E1D41A40C00E7ADD1 /* Info.plist */ = {isa = PBXFileReference; lastKnownFileType = text.plist.xml; path = Info.plist; sourceTree = "<group>"; };
		4BE7EDD31D423E7E008E08AE /* Intro.h */ = {isa = PBXFileReference; fileEncoding = 4; lastKnownFileType = sourcecode.c.h; path = Intro.h; sourceTree = "<group>"; };
		4BE7EDD41D423E7E008E08AE /* Intro.m */ = {isa = PBXFileReference; fileEncoding = 4; lastKnownFileType = sourcecode.c.objc; path = Intro.m; sourceTree = "<group>"; };
		4BE7EDD61D423FB1008E08AE /* Declarations.h */ = {isa = PBXFileReference; fileEncoding = 4; lastKnownFileType = sourcecode.c.h; path = Declarations.h; sourceTree = "<group>"; };
		4BE7EDD71D423FB1008E08AE /* Declarations.m */ = {isa = PBXFileReference; fileEncoding = 4; lastKnownFileType = sourcecode.c.objc; path = Declarations.m; sourceTree = "<group>"; };
		4BE7EDE01D42DCAC008E08AE /* Home.h */ = {isa = PBXFileReference; fileEncoding = 4; lastKnownFileType = sourcecode.c.h; path = Home.h; sourceTree = "<group>"; };
		4BE7EDE11D42DCAC008E08AE /* Home.m */ = {isa = PBXFileReference; fileEncoding = 4; lastKnownFileType = sourcecode.c.objc; path = Home.m; sourceTree = "<group>"; };
		4BE7EDE41D42E510008E08AE /* cellAvengers.h */ = {isa = PBXFileReference; fileEncoding = 4; lastKnownFileType = sourcecode.c.h; path = cellAvengers.h; sourceTree = "<group>"; };
		4BE7EDE51D42E510008E08AE /* cellAvengers.m */ = {isa = PBXFileReference; fileEncoding = 4; lastKnownFileType = sourcecode.c.objc; path = cellAvengers.m; sourceTree = "<group>"; };
		4BE7EDE61D42E510008E08AE /* cellAvengers.xib */ = {isa = PBXFileReference; fileEncoding = 4; lastKnownFileType = file.xib; path = cellAvengers.xib; sourceTree = "<group>"; };
		4BE7EDF51D4322BF008E08AE /* arroz.jpg */ = {isa = PBXFileReference; lastKnownFileType = image.jpeg; path = arroz.jpg; sourceTree = "<group>"; };
		4BE7EDF61D4322BF008E08AE /* Baguette.jpg */ = {isa = PBXFileReference; lastKnownFileType = image.jpeg; path = Baguette.jpg; sourceTree = "<group>"; };
		4BE7EDF71D4322BF008E08AE /* cereal.jpg */ = {isa = PBXFileReference; lastKnownFileType = image.jpeg; path = cereal.jpg; sourceTree = "<group>"; };
		4BE7EDF81D4322BF008E08AE /* enchiladas.jpg */ = {isa = PBXFileReference; lastKnownFileType = image.jpeg; path = enchiladas.jpg; sourceTree = "<group>"; };
		4BE7EDF91D4322BF008E08AE /* fruta.jpg */ = {isa = PBXFileReference; lastKnownFileType = image.jpeg; path = fruta.jpg; sourceTree = "<group>"; };
		4BE7EDFA1D4322BF008E08AE /* huarache.jpg */ = {isa = PBXFileReference; lastKnownFileType = image.jpeg; path = huarache.jpg; sourceTree = "<group>"; };
		4BE7EDFB1D4322BF008E08AE /* hamburguesa.jpg */ = {isa = PBXFileReference; lastKnownFileType = image.jpeg; path = hamburguesa.jpg; sourceTree = "<group>"; };
		4BE7EDFC1D4322BF008E08AE /* huevo.jpg */ = {isa = PBXFileReference; lastKnownFileType = image.jpeg; path = huevo.jpg; sourceTree = "<group>"; };
		4BE7EDFD1D4322BF008E08AE /* langosta.jpg */ = {isa = PBXFileReference; lastKnownFileType = image.jpeg; path = langosta.jpg; sourceTree = "<group>"; };
		4BE7EDFE1D4322BF008E08AE /* licuado.jpg */ = {isa = PBXFileReference; lastKnownFileType = image.jpeg; path = licuado.jpg; sourceTree = "<group>"; };
		4BE7EDFF1D4322BF008E08AE /* pizza.jpg */ = {isa = PBXFileReference; lastKnownFileType = image.jpeg; path = pizza.jpg; sourceTree = "<group>"; };
		4BE7EE001D4322BF008E08AE /* pollo.jpg */ = {isa = PBXFileReference; lastKnownFileType = image.jpeg; path = pollo.jpg; sourceTree = "<group>"; };
		4BE7EE011D4322BF008E08AE /* pozole.jpg */ = {isa = PBXFileReference; lastKnownFileType = image.jpeg; path = pozole.jpg; sourceTree = "<group>"; };
		4BE7EE021D4322BF008E08AE /* salmon.jpg */ = {isa = PBXFileReference; lastKnownFileType = image.jpeg; path = salmon.jpg; sourceTree = "<group>"; };
		4BE7EE031D4322BF008E08AE /* sirloin.jpg */ = {isa = PBXFileReference; lastKnownFileType = image.jpeg; path = sirloin.jpg; sourceTree = "<group>"; };
		4BE7EE041D4322BF008E08AE /* spaguetti.jpg */ = {isa = PBXFileReference; lastKnownFileType = image.jpeg; path = spaguetti.jpg; sourceTree = "<group>"; };
		4BE7EE151D4323A9008E08AE /* malpasar.jpg */ = {isa = PBXFileReference; lastKnownFileType = image.jpeg; path = malpasar.jpg; sourceTree = "<group>"; };
		4BE7EE171D4323B3008E08AE /* chef.jpg */ = {isa = PBXFileReference; lastKnownFileType = image.jpeg; path = chef.jpg; sourceTree = "<group>"; };
		4BE7EE181D4323B3008E08AE /* comer.jpg */ = {isa = PBXFileReference; lastKnownFileType = image.jpeg; path = comer.jpg; sourceTree = "<group>"; };
/* End PBXFileReference section */

/* Begin PBXFrameworksBuildPhase section */
		4B3718441D41A40C00E7ADD1 /* Frameworks */ = {
			isa = PBXFrameworksBuildPhase;
			buildActionMask = 2147483647;
			files = (
			);
			runOnlyForDeploymentPostprocessing = 0;
		};
/* End PBXFrameworksBuildPhase section */

/* Begin PBXGroup section */
		4B37183E1D41A40C00E7ADD1 = {
			isa = PBXGroup;
			children = (
				4B3718491D41A40C00E7ADD1 /* Intro Table */,
				4B3718481D41A40C00E7ADD1 /* Products */,
			);
			sourceTree = "<group>";
		};
		4B3718481D41A40C00E7ADD1 /* Products */ = {
			isa = PBXGroup;
			children = (
				4B3718471D41A40C00E7ADD1 /* Intro Table.app */,
			);
			name = Products;
			sourceTree = "<group>";
		};
		4B3718491D41A40C00E7ADD1 /* Intro Table */ = {
			isa = PBXGroup;
			children = (
				4BE7EDE31D42E4C3008E08AE /* Cells */,
				4BE7EDD91D42C84B008E08AE /* images */,
				4B3718651D41A76100E7ADD1 /* Main */,
				4B3718641D41A74A00E7ADD1 /* Controller */,
				4B3718531D41A40C00E7ADD1 /* Main.storyboard */,
				4B3718591D41A40C00E7ADD1 /* Assets.xcassets */,
				4B37185B1D41A40C00E7ADD1 /* LaunchScreen.storyboard */,
				4B37185E1D41A40C00E7ADD1 /* Info.plist */,
				4B3718561D41A40C00E7ADD1 /* Intro_Table.xcdatamodeld */,
				4B37184A1D41A40C00E7ADD1 /* Supporting Files */,
			);
			path = "Intro Table";
			sourceTree = "<group>";
		};
		4B37184A1D41A40C00E7ADD1 /* Supporting Files */ = {
			isa = PBXGroup;
			children = (
				4B37184B1D41A40C00E7ADD1 /* main.m */,
			);
			name = "Supporting Files";
			sourceTree = "<group>";
		};
		4B3718641D41A74A00E7ADD1 /* Controller */ = {
			isa = PBXGroup;
			children = (
				4B3718501D41A40C00E7ADD1 /* Start.h */,
				4B3718511D41A40C00E7ADD1 /* Start.m */,
				4BE7EDD31D423E7E008E08AE /* Intro.h */,
				4BE7EDD41D423E7E008E08AE /* Intro.m */,
				4BE7EDE01D42DCAC008E08AE /* Home.h */,
				4BE7EDE11D42DCAC008E08AE /* Home.m */,
			);
			name = Controller;
			sourceTree = "<group>";
		};
		4B3718651D41A76100E7ADD1 /* Main */ = {
			isa = PBXGroup;
			children = (
				4B37184D1D41A40C00E7ADD1 /* AppDelegate.h */,
				4B37184E1D41A40C00E7ADD1 /* AppDelegate.m */,
				4BE7EDD61D423FB1008E08AE /* Declarations.h */,
				4BE7EDD71D423FB1008E08AE /* Declarations.m */,
			);
			name = Main;
			sourceTree = "<group>";
		};
		4BE7EDD91D42C84B008E08AE /* images */ = {
			isa = PBXGroup;
			children = (
				4BE7EE171D4323B3008E08AE /* chef.jpg */,
				4BE7EE181D4323B3008E08AE /* comer.jpg */,
				4BE7EE151D4323A9008E08AE /* malpasar.jpg */,
				4BE7EDF51D4322BF008E08AE /* arroz.jpg */,
				4BE7EDF61D4322BF008E08AE /* Baguette.jpg */,
				4BE7EDF71D4322BF008E08AE /* cereal.jpg */,
				4BE7EDF81D4322BF008E08AE /* enchiladas.jpg */,
				4BE7EDF91D4322BF008E08AE /* fruta.jpg */,
				4BE7EDFA1D4322BF008E08AE /* huarache.jpg */,
				4BE7EDFB1D4322BF008E08AE /* hamburguesa.jpg */,
				4BE7EDFC1D4322BF008E08AE /* huevo.jpg */,
				4BE7EDFD1D4322BF008E08AE /* langosta.jpg */,
				4BE7EDFE1D4322BF008E08AE /* licuado.jpg */,
				4BE7EDFF1D4322BF008E08AE /* pizza.jpg */,
				4BE7EE001D4322BF008E08AE /* pollo.jpg */,
				4BE7EE011D4322BF008E08AE /* pozole.jpg */,
				4BE7EE021D4322BF008E08AE /* salmon.jpg */,
				4BE7EE031D4322BF008E08AE /* sirloin.jpg */,
				4BE7EE041D4322BF008E08AE /* spaguetti.jpg */,
			);
			path = images;
			sourceTree = "<group>";
		};
		4BE7EDE31D42E4C3008E08AE /* Cells */ = {
			isa = PBXGroup;
			children = (
				4BE7EDE41D42E510008E08AE /* cellAvengers.h */,
				4BE7EDE51D42E510008E08AE /* cellAvengers.m */,
				4BE7EDE61D42E510008E08AE /* cellAvengers.xib */,
			);
			name = Cells;
			sourceTree = "<group>";
		};
/* End PBXGroup section */

/* Begin PBXNativeTarget section */
		4B3718461D41A40C00E7ADD1 /* Intro Table */ = {
			isa = PBXNativeTarget;
			buildConfigurationList = 4B3718611D41A40C00E7ADD1 /* Build configuration list for PBXNativeTarget "Intro Table" */;
			buildPhases = (
				4B3718431D41A40C00E7ADD1 /* Sources */,
				4B3718441D41A40C00E7ADD1 /* Frameworks */,
				4B3718451D41A40C00E7ADD1 /* Resources */,
			);
			buildRules = (
			);
			dependencies = (
			);
			name = "Intro Table";
			productName = "Intro Table";
			productReference = 4B3718471D41A40C00E7ADD1 /* Intro Table.app */;
			productType = "com.apple.product-type.application";
		};
/* End PBXNativeTarget section */

/* Begin PBXProject section */
		4B37183F1D41A40C00E7ADD1 /* Project object */ = {
			isa = PBXProject;
			attributes = {
				LastUpgradeCheck = 0730;
				ORGANIZATIONNAME = xax;
				TargetAttributes = {
					4B3718461D41A40C00E7ADD1 = {
						CreatedOnToolsVersion = 7.3.1;
					};
				};
			};
			buildConfigurationList = 4B3718421D41A40C00E7ADD1 /* Build configuration list for PBXProject "Intro Table" */;
			compatibilityVersion = "Xcode 3.2";
			developmentRegion = English;
			hasScannedForEncodings = 0;
			knownRegions = (
				en,
				Base,
			);
			mainGroup = 4B37183E1D41A40C00E7ADD1;
			productRefGroup = 4B3718481D41A40C00E7ADD1 /* Products */;
			projectDirPath = "";
			projectRoot = "";
			targets = (
				4B3718461D41A40C00E7ADD1 /* Intro Table */,
			);
		};
/* End PBXProject section */

/* Begin PBXResourcesBuildPhase section */
		4B3718451D41A40C00E7ADD1 /* Resources */ = {
			isa = PBXResourcesBuildPhase;
			buildActionMask = 2147483647;
			files = (
				4BE7EE111D4322BF008E08AE /* pozole.jpg in Resources */,
				4BE7EE121D4322BF008E08AE /* salmon.jpg in Resources */,
				4BE7EE061D4322BF008E08AE /* Baguette.jpg in Resources */,
				4BE7EE0E1D4322BF008E08AE /* licuado.jpg in Resources */,
				4BE7EE081D4322BF008E08AE /* enchiladas.jpg in Resources */,
				4BE7EE131D4322BF008E08AE /* sirloin.jpg in Resources */,
				4B37185D1D41A40C00E7ADD1 /* LaunchScreen.storyboard in Resources */,
				4BE7EE071D4322BF008E08AE /* cereal.jpg in Resources */,
				4BE7EE0F1D4322BF008E08AE /* pizza.jpg in Resources */,
				4BE7EDE81D42E510008E08AE /* cellAvengers.xib in Resources */,
				4BE7EE0D1D4322BF008E08AE /* langosta.jpg in Resources */,
				4BE7EE0A1D4322BF008E08AE /* huarache.jpg in Resources */,
				4BE7EE091D4322BF008E08AE /* fruta.jpg in Resources */,
				4BE7EE0C1D4322BF008E08AE /* huevo.jpg in Resources */,
				4BE7EE141D4322BF008E08AE /* spaguetti.jpg in Resources */,
				4BE7EE161D4323A9008E08AE /* malpasar.jpg in Resources */,
				4BE7EE1A1D4323B3008E08AE /* comer.jpg in Resources */,
				4BE7EE051D4322BF008E08AE /* arroz.jpg in Resources */,
				4BE7EE191D4323B3008E08AE /* chef.jpg in Resources */,
				4B37185A1D41A40C00E7ADD1 /* Assets.xcassets in Resources */,
				4BE7EE0B1D4322BF008E08AE /* hamburguesa.jpg in Resources */,
				4BE7EE101D4322BF008E08AE /* pollo.jpg in Resources */,
				4B3718551D41A40C00E7ADD1 /* Main.storyboard in Resources */,
			);
			runOnlyForDeploymentPostprocessing = 0;
		};
/* End PBXResourcesBuildPhase section */

/* Begin PBXSourcesBuildPhase section */
		4B3718431D41A40C00E7ADD1 /* Sources */ = {
			isa = PBXSourcesBuildPhase;
			buildActionMask = 2147483647;
			files = (
				4BE7EDD51D423E7F008E08AE /* Intro.m in Sources */,
				4B3718521D41A40C00E7ADD1 /* Start.m in Sources */,
				4BE7EDD81D423FB1008E08AE /* Declarations.m in Sources */,
				4B37184F1D41A40C00E7ADD1 /* AppDelegate.m in Sources */,
				4BE7EDE71D42E510008E08AE /* cellAvengers.m in Sources */,
				4B37184C1D41A40C00E7ADD1 /* main.m in Sources */,
				4BE7EDE21D42DCAC008E08AE /* Home.m in Sources */,
				4B3718581D41A40C00E7ADD1 /* Intro_Table.xcdatamodeld in Sources */,
			);
			runOnlyForDeploymentPostprocessing = 0;
		};
/* End PBXSourcesBuildPhase section */

/* Begin PBXVariantGroup section */
		4B3718531D41A40C00E7ADD1 /* Main.storyboard */ = {
			isa = PBXVariantGroup;
			children = (
				4B3718541D41A40C00E7ADD1 /* Base */,
			);
			name = Main.storyboard;
			sourceTree = "<group>";
		};
		4B37185B1D41A40C00E7ADD1 /* LaunchScreen.storyboard */ = {
			isa = PBXVariantGroup;
			children = (
				4B37185C1D41A40C00E7ADD1 /* Base */,
			);
			name = LaunchScreen.storyboard;
			sourceTree = "<group>";
		};
/* End PBXVariantGroup section */

/* Begin XCBuildConfiguration section */
		4B37185F1D41A40C00E7ADD1 /* Debug */ = {
			isa = XCBuildConfiguration;
			buildSettings = {
				ALWAYS_SEARCH_USER_PATHS = NO;
				CLANG_ANALYZER_NONNULL = YES;
				CLANG_CXX_LANGUAGE_STANDARD = "gnu++0x";
				CLANG_CXX_LIBRARY = "libc++";
				CLANG_ENABLE_MODULES = YES;
				CLANG_ENABLE_OBJC_ARC = YES;
				CLANG_WARN_BOOL_CONVERSION = YES;
				CLANG_WARN_CONSTANT_CONVERSION = YES;
				CLANG_WARN_DIRECT_OBJC_ISA_USAGE = YES_ERROR;
				CLANG_WARN_EMPTY_BODY = YES;
				CLANG_WARN_ENUM_CONVERSION = YES;
				CLANG_WARN_INT_CONVERSION = YES;
				CLANG_WARN_OBJC_ROOT_CLASS = YES_ERROR;
				CLANG_WARN_UNREACHABLE_CODE = YES;
				CLANG_WARN__DUPLICATE_METHOD_MATCH = YES;
				"CODE_SIGN_IDENTITY[sdk=iphoneos*]" = "iPhone Developer";
				COPY_PHASE_STRIP = NO;
				DEBUG_INFORMATION_FORMAT = dwarf;
				ENABLE_STRICT_OBJC_MSGSEND = YES;
				ENABLE_TESTABILITY = YES;
				GCC_C_LANGUAGE_STANDARD = gnu99;
				GCC_DYNAMIC_NO_PIC = NO;
				GCC_NO_COMMON_BLOCKS = YES;
				GCC_OPTIMIZATION_LEVEL = 0;
				GCC_PREPROCESSOR_DEFINITIONS = (
					"DEBUG=1",
					"$(inherited)",
				);
				GCC_WARN_64_TO_32_BIT_CONVERSION = YES;
				GCC_WARN_ABOUT_RETURN_TYPE = YES_ERROR;
				GCC_WARN_UNDECLARED_SELECTOR = YES;
				GCC_WARN_UNINITIALIZED_AUTOS = YES_AGGRESSIVE;
				GCC_WARN_UNUSED_FUNCTION = YES;
				GCC_WARN_UNUSED_VARIABLE = YES;
				IPHONEOS_DEPLOYMENT_TARGET = 9.3;
				MTL_ENABLE_DEBUG_INFO = YES;
				ONLY_ACTIVE_ARCH = YES;
				SDKROOT = iphoneos;
			};
			name = Debug;
		};
		4B3718601D41A40C00E7ADD1 /* Release */ = {
			isa = XCBuildConfiguration;
			buildSettings = {
				ALWAYS_SEARCH_USER_PATHS = NO;
				CLANG_ANALYZER_NONNULL = YES;
				CLANG_CXX_LANGUAGE_STANDARD = "gnu++0x";
				CLANG_CXX_LIBRARY = "libc++";
				CLANG_ENABLE_MODULES = YES;
				CLANG_ENABLE_OBJC_ARC = YES;
				CLANG_WARN_BOOL_CONVERSION = YES;
				CLANG_WARN_CONSTANT_CONVERSION = YES;
				CLANG_WARN_DIRECT_OBJC_ISA_USAGE = YES_ERROR;
				CLANG_WARN_EMPTY_BODY = YES;
				CLANG_WARN_ENUM_CONVERSION = YES;
				CLANG_WARN_INT_CONVERSION = YES;
				CLANG_WARN_OBJC_ROOT_CLASS = YES_ERROR;
				CLANG_WARN_UNREACHABLE_CODE = YES;
				CLANG_WARN__DUPLICATE_METHOD_MATCH = YES;
				"CODE_SIGN_IDENTITY[sdk=iphoneos*]" = "iPhone Developer";
				COPY_PHASE_STRIP = NO;
				DEBUG_INFORMATION_FORMAT = "dwarf-with-dsym";
				ENABLE_NS_ASSERTIONS = NO;
				ENABLE_STRICT_OBJC_MSGSEND = YES;
				GCC_C_LANGUAGE_STANDARD = gnu99;
				GCC_NO_COMMON_BLOCKS = YES;
				GCC_WARN_64_TO_32_BIT_CONVERSION = YES;
				GCC_WARN_ABOUT_RETURN_TYPE = YES_ERROR;
				GCC_WARN_UNDECLARED_SELECTOR = YES;
				GCC_WARN_UNINITIALIZED_AUTOS = YES_AGGRESSIVE;
				GCC_WARN_UNUSED_FUNCTION = YES;
				GCC_WARN_UNUSED_VARIABLE = YES;
				IPHONEOS_DEPLOYMENT_TARGET = 9.3;
				MTL_ENABLE_DEBUG_INFO = NO;
				SDKROOT = iphoneos;
				VALIDATE_PRODUCT = YES;
			};
			name = Release;
		};
		4B3718621D41A40C00E7ADD1 /* Debug */ = {
			isa = XCBuildConfiguration;
			buildSettings = {
				ASSETCATALOG_COMPILER_APPICON_NAME = AppIcon;
				INFOPLIST_FILE = "Intro Table/Info.plist";
				LD_RUNPATH_SEARCH_PATHS = "$(inherited) @executable_path/Frameworks";
				PRODUCT_BUNDLE_IDENTIFIER = "-.Intro-Table";
				PRODUCT_NAME = "$(TARGET_NAME)";
			};
			name = Debug;
		};
		4B3718631D41A40C00E7ADD1 /* Release */ = {
			isa = XCBuildConfiguration;
			buildSettings = {
				ASSETCATALOG_COMPILER_APPICON_NAME = AppIcon;
				INFOPLIST_FILE = "Intro Table/Info.plist";
				LD_RUNPATH_SEARCH_PATHS = "$(inherited) @executable_path/Frameworks";
				PRODUCT_BUNDLE_IDENTIFIER = "-.Intro-Table";
				PRODUCT_NAME = "$(TARGET_NAME)";
			};
			name = Release;
		};
/* End XCBuildConfiguration section */

/* Begin XCConfigurationList section */
		4B3718421D41A40C00E7ADD1 /* Build configuration list for PBXProject "Intro Table" */ = {
			isa = XCConfigurationList;
			buildConfigurations = (
				4B37185F1D41A40C00E7ADD1 /* Debug */,
				4B3718601D41A40C00E7ADD1 /* Release */,
			);
			defaultConfigurationIsVisible = 0;
			defaultConfigurationName = Release;
		};
		4B3718611D41A40C00E7ADD1 /* Build configuration list for PBXNativeTarget "Intro Table" */ = {
			isa = XCConfigurationList;
			buildConfigurations = (
				4B3718621D41A40C00E7ADD1 /* Debug */,
				4B3718631D41A40C00E7ADD1 /* Release */,
			);
			defaultConfigurationIsVisible = 0;
			defaultConfigurationName = Release;
		};
/* End XCConfigurationList section */

/* Begin XCVersionGroup section */
		4B3718561D41A40C00E7ADD1 /* Intro_Table.xcdatamodeld */ = {
			isa = XCVersionGroup;
			children = (
				4B3718571D41A40C00E7ADD1 /* Intro_Table.xcdatamodel */,
			);
			currentVersion = 4B3718571D41A40C00E7ADD1 /* Intro_Table.xcdatamodel */;
			path = Intro_Table.xcdatamodeld;
			sourceTree = "<group>";
			versionGroupType = wrapper.xcdatamodel;
		};
/* End XCVersionGroup section */
	};
	rootObject = 4B37183F1D41A40C00E7ADD1 /* Project object */;
}
